
Microsoft Visual Studio Solution File, Format Version 12.00
# Visual Studio 2013
VisualStudioVersion = 12.0.31101.0
MinimumVisualStudioVersion = 10.0.40219.1
Project("{FAE04EC0-301F-11D3-BF4B-00C04F79EFBC}") = "DJF web api POC", "DJF web api POC\DJF web api POC.csproj", "{2428775F-61BD-418E-AF04-46275A855AE4}"
EndProject
Project("{FAE04EC0-301F-11D3-BF4B-00C04F79EFBC}") = "DJF web api POC.Tests", "DJF web api POC.Tests\DJF web api POC.Tests.csproj", "{238A5AC4-A920-4D07-B36C-2DADB5353F21}"
EndProject
Global
	GlobalSection(SolutionConfigurationPlatforms) = preSolution
		Debug|Any CPU = Debug|Any CPU
		Release|Any CPU = Release|Any CPU
	EndGlobalSection
	GlobalSection(ProjectConfigurationPlatforms) = postSolution
		{2428775F-61BD-418E-AF04-46275A855AE4}.Debug|Any CPU.ActiveCfg = Debug|Any CPU
		{2428775F-61BD-418E-AF04-46275A855AE4}.Debug|Any CPU.Build.0 = Debug|Any CPU
		{2428775F-61BD-418E-AF04-46275A855AE4}.Release|Any CPU.ActiveCfg = Release|Any CPU
		{2428775F-61BD-418E-AF04-46275A855AE4}.Release|Any CPU.Build.0 = Release|Any CPU
		{238A5AC4-A920-4D07-B36C-2DADB5353F21}.Debug|Any CPU.ActiveCfg = Debug|Any CPU
		{238A5AC4-A920-4D07-B36C-2DADB5353F21}.Debug|Any CPU.Build.0 = Debug|Any CPU
		{238A5AC4-A920-4D07-B36C-2DADB5353F21}.Release|Any CPU.ActiveCfg = Release|Any CPU
		{238A5AC4-A920-4D07-B36C-2DADB5353F21}.Release|Any CPU.Build.0 = Release|Any CPU
	EndGlobalSection
	GlobalSection(SolutionProperties) = preSolution
		HideSolutionNode = FALSE
	EndGlobalSection
EndGlobal
